<Solution>
  <Folder Name="/Core/">
    <Project Path="Application/Application.csproj" />
    <Project Path="Domain/Domain.csproj" />
  </Folder>
  <Folder Name="/Infrasructure/">
    <Project Path="Infrastructure/Infrastructure.csproj" />
    <Project Path="persistence/persistence.csproj" />
  </Folder>
  <Folder Name="/User interface/">
    <Project Path="StoreRoom/StoreRoom.csproj" />
  </Folder>
</Solution>
